github.com/canonical/go-efilib v1.6.0 h1:0ZFcIclzoMBl6sAaHrSO98YVPUvKAPfXm6kjofhlHHw=
github.com/canonical/go-efilib v1.6.0/go.mod h1:n0Ttsy1JuHAvqaFbZBs6PAzoiiJdfkHsAmDOEbexYEQ=
github.com/canonical/go-kbkdf v0.0.0-20250104172618-3b1308f9acf9 h1:Twk1ZSTWRClfGShP16ePf2JIiayqWS4ix1rkAR6baag=
github.com/canonical/go-kbkdf v0.0.0-20250104172618-3b1308f9acf9/go.mod h1:IneQ5/yQcfPXrGekEXpR6yeea55ZD24N5+kHzeDseOM=
github.com/canonical/go-tpm2 v1.13.0 h1:Ka9VmUVwoz9pJef5JXP6Gd4CIhxFE70X26K8x3LeGtI=
github.com/canonical/go-tpm2 v1.13.0/go.mod h1:P50xMwC7y5/uxPikzWdK4d9pW9orKi8+ZL5sBifxoBQ=
github.com/google/go-cmp v0.7.0 h1:wk8382ETsv4JYUZwIsn6YpYiWiBsYLSJiTsyBybVuN8=
github.com/google/go-cmp v0.7.0/go.mod h1:pXiqmnSA92OHEEa9HXL2W4E7lf9JzCmGVUdgjX3N/iU=
github.com/google/nftables v0.3.0 h1:bkyZ0cbpVeMHXOrtlFc8ISmfVqq5gPJukoYieyVmITg=
github.com/google/nftables v0.3.0/go.mod h1:BCp9FsrbF1Fn/Yu6CLUc9GGZFw/+hsxfluNXXmxBfRM=
github.com/hugelgupf/vmtest v0.0.0-20240307030256-5d9f3d34a58d h1:nP8SfQJqruIVSWYJTuYc37jLHEY1Z0fF+zKSrs3K/C8=
github.com/hugelgupf/vmtest v0.0.0-20240307030256-5d9f3d34a58d/go.mod h1:B63hDJMhTupLWCHwopAyEo7wRFowx9kOc8m8j1sfOqE=
github.com/kr/pretty v0.2.1 h1:Fmg33tUaq4/8ym9TJN1x7sLJnHVwhP33CNkpYV/7rwI=
github.com/kr/pretty v0.2.1/go.mod h1:ipq/a2n7PKx3OHsz4KJII5eveXtPO4qwEXGdVfWzfnI=
github.com/kr/text v0.1.0 h1:45sCR5RtlFHMR4UwH9sdQ5TC8v0qDQCHnXt+kaKSTVE=
github.com/kr/text v0.1.0/go.mod h1:4Jbv+DJW3UT/LiOwJeYQe1efqtUx/iVham/4vfdArNI=
github.com/mdlayher/netlink v1.8.0 h1:e7XNIYJKD7hUct3Px04RuIGJbBxy1/c4nX7D5YyvvlM=
github.com/mdlayher/netlink v1.8.0/go.mod h1:UhgKXUlDQhzb09DrCl2GuRNEglHmhYoWAHid9HK3594=
github.com/mdlayher/socket v0.5.1 h1:VZaqt6RkGkt2OE9l3GcC6nZkqD3xKeQLyfleW/uBcos=
github.com/mdlayher/socket v0.5.1/go.mod h1:TjPLHI1UgwEv5J1B5q0zTZq12A/6H7nKmtTanQE37IQ=
github.com/snapcore/go-gettext v0.0.0-20191107141714-82bbea49e785 h1:PaunR+BhraKSLxt2awQ42zofkP+NKh/VjQ0PjIMk/y4=
github.com/snapcore/go-gettext v0.0.0-20191107141714-82bbea49e785/go.mod h1:D3SsWAXK7wCCBZu+Vk5hc1EuKj/L3XN1puEMXTU4LrQ=
github.com/snapcore/snapd v0.0.0-20201005140838-501d14ac146e h1:vqDZWKPBL9RKPA8KyOuTaSuXXlmRwn/ndvOkZaAmLJs=
github.com/snapcore/snapd v0.0.0-20201005140838-501d14ac146e/go.mod h1:3xrn7QDDKymcE5VO2rgWEQ5ZAUGb9htfwlXnoel6Io8=
github.com/u-root/gobusybox/src v0.0.0-20250101170133-2e884e4509c7 h1:dtiVT4SeBUc/vHtwI2HjDZN+FCKTstQBxugIxJEGo9g=
github.com/u-root/gobusybox/src v0.0.0-20250101170133-2e884e4509c7/go.mod h1:PW3wGFCHjdHxAhra5FKvcARbCGqGfentYuPKmuhv8DY=
github.com/u-root/u-root v0.15.0 h1:8JXfjAA/Vs8EXfZUA2ftvoHbiYYLdaU8umJ461aq+Jw=
github.com/u-root/u-root v0.15.0/go.mod h1:/0Qr7qJeDwWxoKku2xKQ4Szc+SwBE3g9VE8jNiamsmc=
github.com/vishvananda/netns v0.0.4 h1:Oeaw1EM2JMxD51g9uhtC0D7erkIjgmj8+JZc26m1YX8=
github.com/vishvananda/netns v0.0.4/go.mod h1:SpkAiCQRtJ6TvvxPnOSyH3BMl6unz3xZlaprSwhNNJM=
golang.org/x/crypto v0.42.0 h1:chiH31gIWm57EkTXpwnqf8qeuMUi0yekh6mT2AvFlqI=
golang.org/x/crypto v0.42.0/go.mod h1:4+rDnOTJhQCx2q7/j6rAN5XDw8kPjeaXEUR2eL94ix8=
golang.org/x/mod v0.24.0 h1:ZfthKaKaT4NrhGVZHO1/WDTwGES4De8KtWO0SIbNJMU=
golang.org/x/mod v0.24.0/go.mod h1:IXM97Txy2VM4PJ3gI61r1YEk/gAj6zAHN3AdZt6S9Ww=
golang.org/x/net v0.44.0 h1:evd8IRDyfNBMBTTY5XRF1vaZlD+EmWx6x8PkhR04H/I=
golang.org/x/net v0.44.0/go.mod h1:ECOoLqd5U3Lhyeyo/QDCEVQ4sNgYsqvCZ722XogGieY=
golang.org/x/sync v0.17.0 h1:l60nONMj9l5drqw6jlhIELNv9I0A4OFgRsG9k2oT9Ug=
golang.org/x/sync v0.17.0/go.mod h1:9KTHXmSnoGruLpwFjVSX0lNNA75CykiMECbovNTZqGI=
golang.org/x/sys v0.36.0 h1:KVRy2GtZBrk1cBYA7MKu5bEZFxQk4NIDV6RLVcC8o0k=
golang.org/x/sys v0.36.0/go.mod h1:OgkHotnGiDImocRcuBABYBEXf8A9a87e/uXjp9XT3ks=
golang.org/x/tools v0.31.0 h1:0EedkvKDbh+qistFTd0Bcwe/YLh4vHwWEkiI0toFIBU=
golang.org/x/tools v0.31.0/go.mod h1:naFTU+Cev749tSJRXJlna0T3WxKvb1kWEx15xA4SdmQ=
gopkg.in/check.v1 v1.0.0-20201130134442-10cb98267c6c h1:Hei/4ADfdWqJk1ZMxUNpqntNwaWcugrBjAiHlqqRiVk=
gopkg.in/check.v1 v1.0.0-20201130134442-10cb98267c6c/go.mod h1:JHkPIbrfpd72SG/EVd6muEfDQjcINNoR0C8j2r3qZ4Q=
gopkg.in/tomb.v2 v2.0.0-20161208151619-d5d1b5820637 h1:yiW+nvdHb9LVqSHQBXfZCieqV4fzYhNBql77zY0ykqs=
gopkg.in/tomb.v2 v2.0.0-20161208151619-d5d1b5820637/go.mod h1:BHsqpu/nsuzkT5BpiH1EMZPLyqSMM8JbIavyFACoFNk=
gopkg.in/yaml.v2 v2.4.0 h1:D8xgwECY7CYvx+Y2n4sBz93Jn9JRvxdiyyo8CTfuKaY=
gopkg.in/yaml.v2 v2.4.0/go.mod h1:RDklbk79AGWmwhnvt/jBztapEOGDOx6ZbXqjP6csGnQ=
