github.com/canonical/go-efilib v0.3.0/go.mod h1:9b2PNAuPcZsB76x75/uwH99D8CyH/A2y4rq1/+bvplg=
github.com/canonical/go-sp800.108-kdf v0.0.0-20210314145419-a3359f2d21b9/go.mod h1:Zrs3YjJr+w51u0R/dyLh/oWt/EcBVdLPCVFYC4daW5s=
github.com/canonical/go-sp800.108-kdf v0.0.0-20210315104021-ead800bbf9a0 h1:ZE2XMRFHcwlib3uU9is37+pKkkMloVoEPWmgQ6GK1yo=
github.com/canonical/go-sp800.108-kdf v0.0.0-20210315104021-ead800bbf9a0/go.mod h1:Zrs3YjJr+w51u0R/dyLh/oWt/EcBVdLPCVFYC4daW5s=
github.com/canonical/go-sp800.90a-drbg v0.0.0-20210314144037-6eeb1040d6c3/go.mod h1:qdP0gaj0QtgX2RUZhnlVrceJ+Qln8aSlDyJwelLLFeM=
github.com/canonical/go-tpm2 v1.0.0 h1:g03/robj/c+98Hm2GEkkBnKkkhy0xgFZ7GWE/4HzbwM=
github.com/canonical/go-tpm2 v1.0.0/go.mod h1:zKG2ng7qzxp+siDIa1Scd3h/cXF5Di13Havf5ZwfaVY=
github.com/coreos/go-systemd v0.0.0-20191104093116-d3cd4ed1dbcf/go.mod h1:F5haX7vjVVG0kc13fIWeqUViNPyEJxv/OmvnBo0Yme4=
github.com/godbus/dbus v4.1.0+incompatible/go.mod h1:/YcGZj5zSblfDWMMoOzV4fas9FZnQYTkDnsGvmh2Grw=
github.com/gorilla/mux v1.8.0/go.mod h1:DVbg23sWSpFRCP0SfiEN6jmj59UnW/n46BH5rLB71So=
github.com/jessevdk/go-flags v1.5.0/go.mod h1:Fw0T6WPc1dYxT4mKEZRfG5kJhaTDP9pj1c2EWnYs/m4=
github.com/kr/pretty v0.2.1 h1:Fmg33tUaq4/8ym9TJN1x7sLJnHVwhP33CNkpYV/7rwI=
github.com/kr/pretty v0.2.1/go.mod h1:ipq/a2n7PKx3OHsz4KJII5eveXtPO4qwEXGdVfWzfnI=
github.com/kr/pty v1.1.1/go.mod h1:pFQYn66WHrOpPYNljwOMqo10TkYh1fy3cYio2l3bCsQ=
github.com/kr/text v0.1.0 h1:45sCR5RtlFHMR4UwH9sdQ5TC8v0qDQCHnXt+kaKSTVE=
github.com/kr/text v0.1.0/go.mod h1:4Jbv+DJW3UT/LiOwJeYQe1efqtUx/iVham/4vfdArNI=
github.com/mvo5/goconfigparser v0.0.0-20221018104758-434073381f37/go.mod h1:inxjKzuGbpMDmdoI7kogueqBVRdf6fPAG5dAsU3gu60=
github.com/snapcore/go-gettext v0.0.0-20191107141714-82bbea49e785 h1:PaunR+BhraKSLxt2awQ42zofkP+NKh/VjQ0PjIMk/y4=
github.com/snapcore/go-gettext v0.0.0-20191107141714-82bbea49e785/go.mod h1:D3SsWAXK7wCCBZu+Vk5hc1EuKj/L3XN1puEMXTU4LrQ=
github.com/snapcore/secboot v0.0.0-20221114180054-b4be60e68879/go.mod h1:72paVOkm4sJugXt+v9ItmnjXgO921D8xqsbH2OekouY=
github.com/snapcore/snapd v0.0.0-20201005140838-501d14ac146e h1:vqDZWKPBL9RKPA8KyOuTaSuXXlmRwn/ndvOkZaAmLJs=
github.com/snapcore/snapd v0.0.0-20201005140838-501d14ac146e/go.mod h1:3xrn7QDDKymcE5VO2rgWEQ5ZAUGb9htfwlXnoel6Io8=
github.com/snapcore/squashfuse v0.0.0-20171220165323-319f6d41a041/go.mod h1:8loYitFPSdoeCXBs/XjO0fyGcpgLAybOHLUsGwgMq90=
github.com/u-root/u-root v0.10.0 h1:nz3jSORXAxTl6bNXhRh5s9HT5oRo5hmCJXUJ0q/BK7s=
github.com/u-root/u-root v0.10.0/go.mod h1:lqAiThZZ0/yg0rj49gxpSCK8hfv86NSc+wPhGp5idb4=
go.mozilla.org/pkcs7 v0.0.0-20200128120323-432b2356ecb1/go.mod h1:SNgMg+EgDFwmvSmLRTNKC5fegJjB7v23qTQ0XLGUNHk=
golang.org/x/crypto v0.0.0-20190308221718-c2843e01d9a2/go.mod h1:djNgcEr1/C05ACkg1iLfiJU5Ep61QUkGW8qpdssI0+w=
golang.org/x/crypto v0.0.0-20200622213623-75b288015ac9/go.mod h1:LzIPMQfyMNhhGPhUkYOs5KpL4U8rLKemX1yGLhDgUto=
golang.org/x/net v0.0.0-20190404232315-eb5bcb51f2a3/go.mod h1:t9HGtf8HONx5eT2rtn7q6eTqICYqUVnKs3thJo3Qplg=
golang.org/x/net v0.0.0-20201002202402-0a1ea396d57c/go.mod h1:iQL9McJNjoIa5mjH6nYTCTZXUN6RP+XW3eib7Ya3XcI=
golang.org/x/net v0.5.0 h1:GyT4nK/YDHSqa1c4753ouYCDajOYKTja9Xb/OHtgvSw=
golang.org/x/net v0.5.0/go.mod h1:DivGGAXEgPSlEBzxGzZI+ZLohi+xUj054jfeKui00ws=
golang.org/x/sys v0.0.0-20190215142949-d0b11bdaac8a/go.mod h1:STP8DvDyc/dI5b8T5hshtkjS+E42TnysNCUPdjciGhY=
golang.org/x/sys v0.0.0-20190412213103-97732733099d/go.mod h1:h1NjWce9XRLGQEsW7wpKNCjG9DtNlClVuFLEZdDNbEs=
golang.org/x/sys v0.0.0-20200930185726-fdedc70b468f/go.mod h1:h1NjWce9XRLGQEsW7wpKNCjG9DtNlClVuFLEZdDNbEs=
golang.org/x/sys v0.0.0-20210320140829-1e4c9ba3b0c4/go.mod h1:h1NjWce9XRLGQEsW7wpKNCjG9DtNlClVuFLEZdDNbEs=
golang.org/x/sys v0.0.0-20210324051608-47abb6519492/go.mod h1:h1NjWce9XRLGQEsW7wpKNCjG9DtNlClVuFLEZdDNbEs=
golang.org/x/sys v0.4.0 h1:Zr2JFtRQNX3BCZ8YtxRE9hNJYC8J6I1MVbMg6owUp18=
golang.org/x/sys v0.4.0/go.mod h1:oPkhp1MJrh7nUepCBck5+mAzfO9JrbApNNgaTdGDITg=
golang.org/x/text v0.3.0/go.mod h1:NqM8EUOU14njkJ3fqMW+pc6Ldnwhi/IjpwHt7yyuwOQ=
golang.org/x/xerrors v0.0.0-20200804184101-5ec99f83aff1/go.mod h1:I/5z698sn9Ka8TeJc9MKroUUfqBBauWjQqLJ2OPfmY0=
gopkg.in/check.v1 v0.0.0-20161208181325-20d25e280405/go.mod h1:Co6ibVJAznAaIkqp8huTwlJQCZ016jof/cbN4VW5Yz0=
gopkg.in/check.v1 v1.0.0-20201130134442-10cb98267c6c h1:Hei/4ADfdWqJk1ZMxUNpqntNwaWcugrBjAiHlqqRiVk=
gopkg.in/check.v1 v1.0.0-20201130134442-10cb98267c6c/go.mod h1:JHkPIbrfpd72SG/EVd6muEfDQjcINNoR0C8j2r3qZ4Q=
gopkg.in/tomb.v2 v2.0.0-20161208151619-d5d1b5820637 h1:yiW+nvdHb9LVqSHQBXfZCieqV4fzYhNBql77zY0ykqs=
gopkg.in/tomb.v2 v2.0.0-20161208151619-d5d1b5820637/go.mod h1:BHsqpu/nsuzkT5BpiH1EMZPLyqSMM8JbIavyFACoFNk=
gopkg.in/yaml.v2 v2.3.0 h1:clyUAQHOM3G0M3f5vQj7LuJrETvjVot3Z5el9nffUtU=
gopkg.in/yaml.v2 v2.3.0/go.mod h1:hI93XBmqTisBFMUTm0b8Fm+jr3Dg1NNxqwp+5A1VGuI=
